
Microsoft Visual Studio Solution File, Format Version 12.00
# Visual Studio 15
VisualStudioVersion = 15.0.28010.2019
MinimumVisualStudioVersion = 10.0.40219.1
Project("{8BC9CEB8-8B4A-11D0-8D11-00A0C91BC942}") = "LearnOpenGL", "LearnOpenGL\LearnOpenGL.vcxproj", "{BA81DB38-69C9-4186-AE0D-8EAEEA21902F}"
	ProjectSection(ProjectDependencies) = postProject
		{34990603-FA1F-43BD-BDA6-021D938EC266} = {34990603-FA1F-43BD-BDA6-021D938EC266}
	EndProjectSection
EndProject
Project("{8BC9CEB8-8B4A-11D0-8D11-00A0C91BC942}") = "MyEngine", "MyEngine\MyEngine.vcxproj", "{34990603-FA1F-43BD-BDA6-021D938EC266}"
EndProject
Global
	GlobalSection(SolutionConfigurationPlatforms) = preSolution
		Debug|x64 = Debug|x64
		Debug|x86 = Debug|x86
		Release|x64 = Release|x64
		Release|x86 = Release|x86
	EndGlobalSection
	GlobalSection(ProjectConfigurationPlatforms) = postSolution
		{BA81DB38-69C9-4186-AE0D-8EAEEA21902F}.Debug|x64.ActiveCfg = Debug|x64
		{BA81DB38-69C9-4186-AE0D-8EAEEA21902F}.Debug|x64.Build.0 = Debug|x64
		{BA81DB38-69C9-4186-AE0D-8EAEEA21902F}.Debug|x86.ActiveCfg = Debug|Win32
		{BA81DB38-69C9-4186-AE0D-8EAEEA21902F}.Debug|x86.Build.0 = Debug|Win32
		{BA81DB38-69C9-4186-AE0D-8EAEEA21902F}.Release|x64.ActiveCfg = Release|x64
		{BA81DB38-69C9-4186-AE0D-8EAEEA21902F}.Release|x64.Build.0 = Release|x64
		{BA81DB38-69C9-4186-AE0D-8EAEEA21902F}.Release|x86.ActiveCfg = Release|Win32
		{BA81DB38-69C9-4186-AE0D-8EAEEA21902F}.Release|x86.Build.0 = Release|Win32
		{34990603-FA1F-43BD-BDA6-021D938EC266}.Debug|x64.ActiveCfg = Debug|x64
		{34990603-FA1F-43BD-BDA6-021D938EC266}.Debug|x64.Build.0 = Debug|x64
		{34990603-FA1F-43BD-BDA6-021D938EC266}.Debug|x86.ActiveCfg = Debug|Win32
		{34990603-FA1F-43BD-BDA6-021D938EC266}.Debug|x86.Build.0 = Debug|Win32
		{34990603-FA1F-43BD-BDA6-021D938EC266}.Release|x64.ActiveCfg = Release|x64
		{34990603-FA1F-43BD-BDA6-021D938EC266}.Release|x64.Build.0 = Release|x64
		{34990603-FA1F-43BD-BDA6-021D938EC266}.Release|x86.ActiveCfg = Release|Win32
		{34990603-FA1F-43BD-BDA6-021D938EC266}.Release|x86.Build.0 = Release|Win32
	EndGlobalSection
	GlobalSection(SolutionProperties) = preSolution
		HideSolutionNode = FALSE
	EndGlobalSection
	GlobalSection(ExtensibilityGlobals) = postSolution
		SolutionGuid = {C382C0D3-AFC3-4220-87D0-DF65506C8B6A}
	EndGlobalSection
EndGlobal
